// !$*UTF8*$!
{
	archiveVersion = 1;
	classes = {
	};
	objectVersion = 52;
	objects = {

/* Begin PBXBuildFile section */
		45062CBB25D56F17002E9B9E /* FBXPoint.h in Headers */ = {isa = PBXBuildFile; fileRef = 45062CB925D56F17002E9B9E /* FBXPoint.h */; settings = {ATTRIBUTES = (Public, ); }; };
		45062CBC25D56F17002E9B9E /* FBXPoint.mm in Sources */ = {isa = PBXBuildFile; fileRef = 45062CBA25D56F17002E9B9E /* FBXPoint.mm */; };
		450E322425A5807D00881CF5 /* FBXManager.swift in Sources */ = {isa = PBXBuildFile; fileRef = 450E322325A5807D00881CF5 /* FBXManager.swift */; };
		450E322A25A5818800881CF5 /* SwiftyFBX.h in Headers */ = {isa = PBXBuildFile; fileRef = 450E322925A5818800881CF5 /* SwiftyFBX.h */; settings = {ATTRIBUTES = (Public, ); }; };
		4513358825A85F6100773EC8 /* SwiftyFBXFormat.h in Headers */ = {isa = PBXBuildFile; fileRef = 4513358625A85F6100773EC8 /* SwiftyFBXFormat.h */; settings = {ATTRIBUTES = (Public, ); }; };
		4513358925A85F6100773EC8 /* SwiftyFBXFormat.mm in Sources */ = {isa = PBXBuildFile; fileRef = 4513358725A85F6100773EC8 /* SwiftyFBXFormat.mm */; };
		4513359225A861A700773EC8 /* SwiftyFBXLoadResult.h in Headers */ = {isa = PBXBuildFile; fileRef = 4513359025A861A700773EC8 /* SwiftyFBXLoadResult.h */; };
		4513359325A861A700773EC8 /* SwiftyFBXLoadResult.mm in Sources */ = {isa = PBXBuildFile; fileRef = 4513359125A861A700773EC8 /* SwiftyFBXLoadResult.mm */; };
		4520A66025B4780A009CB46A /* FBXTexture.h in Headers */ = {isa = PBXBuildFile; fileRef = 4520A65E25B4780A009CB46A /* FBXTexture.h */; settings = {ATTRIBUTES = (Public, ); }; };
		4520A66125B4780A009CB46A /* FBXTexture.mm in Sources */ = {isa = PBXBuildFile; fileRef = 4520A65F25B4780A009CB46A /* FBXTexture.mm */; };
		45273E6825C418550060B3C1 /* FBXGeometry.h in Headers */ = {isa = PBXBuildFile; fileRef = 45273E6625C418550060B3C1 /* FBXGeometry.h */; settings = {ATTRIBUTES = (Public, ); }; };
		45273E6925C418550060B3C1 /* FBXGeometry.mm in Sources */ = {isa = PBXBuildFile; fileRef = 45273E6725C418550060B3C1 /* FBXGeometry.mm */; };
		45273E6B25C41AE00060B3C1 /* FBXSurfaceMaterial_Internal.h in Headers */ = {isa = PBXBuildFile; fileRef = 45273E6A25C41AE00060B3C1 /* FBXSurfaceMaterial_Internal.h */; };
		452BB25D25AAA83600B0ECFE /* FBXLayerElement.h in Headers */ = {isa = PBXBuildFile; fileRef = 452BB25B25AAA83600B0ECFE /* FBXLayerElement.h */; settings = {ATTRIBUTES = (Public, ); }; };
		452BB25E25AAA83600B0ECFE /* FBXLayerElement.m in Sources */ = {isa = PBXBuildFile; fileRef = 452BB25C25AAA83600B0ECFE /* FBXLayerElement.m */; };
		45455DA225B48EEA00D6D8A7 /* FBXSecne_Internal.h in Headers */ = {isa = PBXBuildFile; fileRef = 45455DA125B48EEA00D6D8A7 /* FBXSecne_Internal.h */; };
		45455DB025B51B7400D6D8A7 /* FBXTexture_Internal.h in Headers */ = {isa = PBXBuildFile; fileRef = 45455DAF25B51B7400D6D8A7 /* FBXTexture_Internal.h */; };
		455AFCD425BC07670000662E /* libfbxsdk.dylib in Frameworks */ = {isa = PBXBuildFile; fileRef = 4590849125BBEC8A006DCF91 /* libfbxsdk.dylib */; };
		455BE82425BD40380016F2A8 /* FBXCamera.h in Headers */ = {isa = PBXBuildFile; fileRef = 455BE82225BD40380016F2A8 /* FBXCamera.h */; settings = {ATTRIBUTES = (Public, ); }; };
		455BE82525BD40380016F2A8 /* FBXCamera.mm in Sources */ = {isa = PBXBuildFile; fileRef = 455BE82325BD40380016F2A8 /* FBXCamera.mm */; };
		455BE82725BD407E0016F2A8 /* FBXCamera_Internal.h in Headers */ = {isa = PBXBuildFile; fileRef = 455BE82625BD407E0016F2A8 /* FBXCamera_Internal.h */; };
		456EC0C125C40E2500264AAB /* FBXPose.h in Headers */ = {isa = PBXBuildFile; fileRef = 456EC0BF25C40E2500264AAB /* FBXPose.h */; settings = {ATTRIBUTES = (Public, ); }; };
		456EC0C225C40E2500264AAB /* FBXPose.mm in Sources */ = {isa = PBXBuildFile; fileRef = 456EC0C025C40E2500264AAB /* FBXPose.mm */; };
		456EC0C425C40E7100264AAB /* FBXPose_Internal.h in Headers */ = {isa = PBXBuildFile; fileRef = 456EC0C325C40E7100264AAB /* FBXPose_Internal.h */; };
		456F48C825AA9E2900B03DF2 /* FBXLayerElementNormal.h in Headers */ = {isa = PBXBuildFile; fileRef = 456F48C625AA9E2900B03DF2 /* FBXLayerElementNormal.h */; };
		456F48C925AA9E2900B03DF2 /* FBXLayerElementNormal.mm in Sources */ = {isa = PBXBuildFile; fileRef = 456F48C725AA9E2900B03DF2 /* FBXLayerElementNormal.mm */; };
		456F48D225AA9FDF00B03DF2 /* FBXLayerContainer.h in Headers */ = {isa = PBXBuildFile; fileRef = 456F48D025AA9FDF00B03DF2 /* FBXLayerContainer.h */; };
		456F48D325AA9FDF00B03DF2 /* FBXLayerContainer.mm in Sources */ = {isa = PBXBuildFile; fileRef = 456F48D125AA9FDF00B03DF2 /* FBXLayerContainer.mm */; };
		4574CF4325BBF95200388277 /* SwiftyFBX.framework in Embed Libraries */ = {isa = PBXBuildFile; fileRef = 45ACB76A25A464A900ED565F /* SwiftyFBX.framework */; settings = {ATTRIBUTES = (CodeSignOnCopy, RemoveHeadersOnCopy, ); }; };
		4586F83425AAE9F1000BDC10 /* FBXMesh_Internal.h in Headers */ = {isa = PBXBuildFile; fileRef = 4586F83325AAE9F1000BDC10 /* FBXMesh_Internal.h */; };
		4586F83E25AAEA9F000BDC10 /* FBXLayerElementNormal_Internal.h in Headers */ = {isa = PBXBuildFile; fileRef = 4586F83D25AAEA9F000BDC10 /* FBXLayerElementNormal_Internal.h */; };
		4590849525BBECD2006DCF91 /* libfbxsdk.dylib in Embed Libraries */ = {isa = PBXBuildFile; fileRef = 4590849125BBEC8A006DCF91 /* libfbxsdk.dylib */; settings = {ATTRIBUTES = (CodeSignOnCopy, ); }; };
		4590849A25BBEE7E006DCF91 /* FBXSkeleton.h in Headers */ = {isa = PBXBuildFile; fileRef = 4590849825BBEE7E006DCF91 /* FBXSkeleton.h */; settings = {ATTRIBUTES = (Public, ); }; };
		4590849B25BBEE7E006DCF91 /* FBXSkeleton.mm in Sources */ = {isa = PBXBuildFile; fileRef = 4590849925BBEE7E006DCF91 /* FBXSkeleton.mm */; };
		459084A025BBEF90006DCF91 /* FBXSkeleton_Internal.h in Headers */ = {isa = PBXBuildFile; fileRef = 4590849F25BBEF90006DCF91 /* FBXSkeleton_Internal.h */; };
		459E916425A5C2CD008B1CC3 /* FBX.swift in Sources */ = {isa = PBXBuildFile; fileRef = 459E916325A5C2CD008B1CC3 /* FBX.swift */; };
		459E916E25A5C3F0008B1CC3 /* FBXLoader.swift in Sources */ = {isa = PBXBuildFile; fileRef = 459E916D25A5C3F0008B1CC3 /* FBXLoader.swift */; };
		45A6CADA25C6A50800F8EDB5 /* FBXAnimStack.h in Headers */ = {isa = PBXBuildFile; fileRef = 45A6CAD825C6A50800F8EDB5 /* FBXAnimStack.h */; settings = {ATTRIBUTES = (Public, ); }; };
		45A6CADB25C6A50800F8EDB5 /* FBXAnimStack.mm in Sources */ = {isa = PBXBuildFile; fileRef = 45A6CAD925C6A50800F8EDB5 /* FBXAnimStack.mm */; };
		45A6CADD25C6A63100F8EDB5 /* FBXAnimStack_Internal.h in Headers */ = {isa = PBXBuildFile; fileRef = 45A6CADC25C6A63100F8EDB5 /* FBXAnimStack_Internal.h */; };
		45ABD2EB25BD3798001DCF58 /* FBXSurfaceMaterial.h in Headers */ = {isa = PBXBuildFile; fileRef = 45ABD2E925BD3798001DCF58 /* FBXSurfaceMaterial.h */; settings = {ATTRIBUTES = (Public, ); }; };
		45ABD2EC25BD3798001DCF58 /* FBXSurfaceMaterial.mm in Sources */ = {isa = PBXBuildFile; fileRef = 45ABD2EA25BD3798001DCF58 /* FBXSurfaceMaterial.mm */; };
		45ABD2EF25BD3AAB001DCF58 /* FBXLight.h in Headers */ = {isa = PBXBuildFile; fileRef = 45ABD2ED25BD3AAB001DCF58 /* FBXLight.h */; settings = {ATTRIBUTES = (Public, ); }; };
		45ABD2F025BD3AAB001DCF58 /* FBXLight.mm in Sources */ = {isa = PBXBuildFile; fileRef = 45ABD2EE25BD3AAB001DCF58 /* FBXLight.mm */; };
		45ABD2F225BD3AFA001DCF58 /* FBXLight_Internal.h in Headers */ = {isa = PBXBuildFile; fileRef = 45ABD2F125BD3AFA001DCF58 /* FBXLight_Internal.h */; };
		45ACB79425A467AB00ED565F /* FBXManager.mm in Sources */ = {isa = PBXBuildFile; fileRef = 45ACB79325A467AB00ED565F /* FBXManager.mm */; };
		45ACB7A925A46B7400ED565F /* FBXManager.h in Headers */ = {isa = PBXBuildFile; fileRef = 45ACB7A825A46B7400ED565F /* FBXManager.h */; settings = {ATTRIBUTES = (Public, ); }; };
		45C1BAA525C662D800D7D9FE /* FBXStruct.h in Headers */ = {isa = PBXBuildFile; fileRef = 45C1BAA425C662D800D7D9FE /* FBXStruct.h */; settings = {ATTRIBUTES = (Public, ); }; };
		45C53ED825CF8E6E001C4759 /* FBXNode_Internal.h in Headers */ = {isa = PBXBuildFile; fileRef = 45C53ED725CF8E6E001C4759 /* FBXNode_Internal.h */; };
		45CFC37B25C6823B00DAD79C /* FBXColor.h in Headers */ = {isa = PBXBuildFile; fileRef = 45CFC37925C6823B00DAD79C /* FBXColor.h */; settings = {ATTRIBUTES = (Public, ); }; };
		45CFC37C25C6823B00DAD79C /* FBXColor.mm in Sources */ = {isa = PBXBuildFile; fileRef = 45CFC37A25C6823B00DAD79C /* FBXColor.mm */; };
		45D28F5225A4E083007A7489 /* main.swift in Sources */ = {isa = PBXBuildFile; fileRef = 45D28F5125A4E083007A7489 /* main.swift */; };
		45D561F225BC11EE0093903B /* ArgumentParser in Frameworks */ = {isa = PBXBuildFile; productRef = 45D561F125BC11EE0093903B /* ArgumentParser */; };
		45D64DA625CD9AD20003E43C /* FBXStruct.mm in Sources */ = {isa = PBXBuildFile; fileRef = 45D64DA525CD9AD20003E43C /* FBXStruct.mm */; };
		45DA64C225A583FA00C77BD8 /* FBXIOSettings.mm in Sources */ = {isa = PBXBuildFile; fileRef = 45DA64C125A583FA00C77BD8 /* FBXIOSettings.mm */; };
		45DA64C825A5846D00C77BD8 /* FBXImporter.h in Headers */ = {isa = PBXBuildFile; fileRef = 45DA64C625A5846D00C77BD8 /* FBXImporter.h */; settings = {ATTRIBUTES = (Public, ); }; };
		45DA64C925A5846D00C77BD8 /* FBXImporter.mm in Sources */ = {isa = PBXBuildFile; fileRef = 45DA64C725A5846D00C77BD8 /* FBXImporter.mm */; };
		45DA64CF25A584E000C77BD8 /* FBXScene.h in Headers */ = {isa = PBXBuildFile; fileRef = 45DA64CD25A584E000C77BD8 /* FBXScene.h */; settings = {ATTRIBUTES = (Public, ); }; };
		45DA64D025A584E000C77BD8 /* FBXScene.mm in Sources */ = {isa = PBXBuildFile; fileRef = 45DA64CE25A584E000C77BD8 /* FBXScene.mm */; };
		45DA64D525A5862F00C77BD8 /* FBXMesh.h in Headers */ = {isa = PBXBuildFile; fileRef = 45DA64D325A5862F00C77BD8 /* FBXMesh.h */; settings = {ATTRIBUTES = (Public, ); }; };
		45DA64D625A5862F00C77BD8 /* FBXMesh.mm in Sources */ = {isa = PBXBuildFile; fileRef = 45DA64D425A5862F00C77BD8 /* FBXMesh.mm */; };
		45DA64DB25A5867500C77BD8 /* FBXNode.h in Headers */ = {isa = PBXBuildFile; fileRef = 45DA64D925A5867500C77BD8 /* FBXNode.h */; settings = {ATTRIBUTES = (Public, ); }; };
		45DA64DC25A5867500C77BD8 /* FBXNode.mm in Sources */ = {isa = PBXBuildFile; fileRef = 45DA64DA25A5867500C77BD8 /* FBXNode.mm */; };
		45DA64E125A58B1200C77BD8 /* FBXDocument.h in Headers */ = {isa = PBXBuildFile; fileRef = 45DA64DF25A58B1200C77BD8 /* FBXDocument.h */; settings = {ATTRIBUTES = (Public, ); }; };
		45DA64E225A58B1200C77BD8 /* FBXDocument.mm in Sources */ = {isa = PBXBuildFile; fileRef = 45DA64E025A58B1200C77BD8 /* FBXDocument.mm */; };
		45DA64E725A58EF300C77BD8 /* FBXCollection.h in Headers */ = {isa = PBXBuildFile; fileRef = 45DA64E525A58EF300C77BD8 /* FBXCollection.h */; settings = {ATTRIBUTES = (Public, ); }; };
		45DA64E825A58EF300C77BD8 /* FBXCollection.mm in Sources */ = {isa = PBXBuildFile; fileRef = 45DA64E625A58EF300C77BD8 /* FBXCollection.mm */; };
		45DA64EE25A59B4400C77BD8 /* SwiftyFBXLoader.h in Headers */ = {isa = PBXBuildFile; fileRef = 45DA64EC25A59B4400C77BD8 /* SwiftyFBXLoader.h */; settings = {ATTRIBUTES = (Public, ); }; };
		45DA64EF25A59B4400C77BD8 /* SwiftyFBXLoader.mm in Sources */ = {isa = PBXBuildFile; fileRef = 45DA64ED25A59B4400C77BD8 /* SwiftyFBXLoader.mm */; };
/* End PBXBuildFile section */

/* Begin PBXCopyFilesBuildPhase section */
		4590849625BBECD2006DCF91 /* Embed Libraries */ = {
			isa = PBXCopyFilesBuildPhase;
			buildActionMask = 2147483647;
			dstPath = "";
			dstSubfolderSpec = 10;
			files = (
				4574CF4325BBF95200388277 /* SwiftyFBX.framework in Embed Libraries */,
				4590849525BBECD2006DCF91 /* libfbxsdk.dylib in Embed Libraries */,
			);
			name = "Embed Libraries";
			runOnlyForDeploymentPostprocessing = 0;
		};
		45D28F4D25A4E083007A7489 /* CopyFiles */ = {
			isa = PBXCopyFilesBuildPhase;
			buildActionMask = 2147483647;
			dstPath = /usr/share/man/man1/;
			dstSubfolderSpec = 0;
			files = (
			);
			runOnlyForDeploymentPostprocessing = 1;
		};
		45D561EF25BC110F0093903B /* Embed Frameworks */ = {
			isa = PBXCopyFilesBuildPhase;
			buildActionMask = 2147483647;
			dstPath = "";
			dstSubfolderSpec = 10;
			files = (
			);
			name = "Embed Frameworks";
			runOnlyForDeploymentPostprocessing = 0;
		};
/* End PBXCopyFilesBuildPhase section */

/* Begin PBXFileReference section */
		45062CB925D56F17002E9B9E /* FBXPoint.h */ = {isa = PBXFileReference; lastKnownFileType = sourcecode.c.h; path = FBXPoint.h; sourceTree = "<group>"; };
		45062CBA25D56F17002E9B9E /* FBXPoint.mm */ = {isa = PBXFileReference; lastKnownFileType = sourcecode.cpp.objcpp; path = FBXPoint.mm; sourceTree = "<group>"; };
		450E322325A5807D00881CF5 /* FBXManager.swift */ = {isa = PBXFileReference; lastKnownFileType = sourcecode.swift; path = FBXManager.swift; sourceTree = "<group>"; };
		450E322625A580CB00881CF5 /* module.modulemap */ = {isa = PBXFileReference; lastKnownFileType = "sourcecode.module-map"; path = module.modulemap; sourceTree = "<group>"; };
		450E322925A5818800881CF5 /* SwiftyFBX.h */ = {isa = PBXFileReference; fileEncoding = 4; lastKnownFileType = sourcecode.c.h; path = SwiftyFBX.h; sourceTree = "<group>"; };
		4513358625A85F6100773EC8 /* SwiftyFBXFormat.h */ = {isa = PBXFileReference; lastKnownFileType = sourcecode.c.h; path = SwiftyFBXFormat.h; sourceTree = "<group>"; };
		4513358725A85F6100773EC8 /* SwiftyFBXFormat.mm */ = {isa = PBXFileReference; lastKnownFileType = sourcecode.cpp.objcpp; path = SwiftyFBXFormat.mm; sourceTree = "<group>"; };
		4513359025A861A700773EC8 /* SwiftyFBXLoadResult.h */ = {isa = PBXFileReference; lastKnownFileType = sourcecode.c.h; path = SwiftyFBXLoadResult.h; sourceTree = "<group>"; };
		4513359125A861A700773EC8 /* SwiftyFBXLoadResult.mm */ = {isa = PBXFileReference; lastKnownFileType = sourcecode.cpp.objcpp; path = SwiftyFBXLoadResult.mm; sourceTree = "<group>"; };
		4520A65E25B4780A009CB46A /* FBXTexture.h */ = {isa = PBXFileReference; lastKnownFileType = sourcecode.c.h; path = FBXTexture.h; sourceTree = "<group>"; };
		4520A65F25B4780A009CB46A /* FBXTexture.mm */ = {isa = PBXFileReference; lastKnownFileType = sourcecode.cpp.objcpp; path = FBXTexture.mm; sourceTree = "<group>"; };
		45273E6625C418550060B3C1 /* FBXGeometry.h */ = {isa = PBXFileReference; lastKnownFileType = sourcecode.c.h; path = FBXGeometry.h; sourceTree = "<group>"; };
		45273E6725C418550060B3C1 /* FBXGeometry.mm */ = {isa = PBXFileReference; lastKnownFileType = sourcecode.cpp.objcpp; path = FBXGeometry.mm; sourceTree = "<group>"; };
		45273E6A25C41AE00060B3C1 /* FBXSurfaceMaterial_Internal.h */ = {isa = PBXFileReference; fileEncoding = 4; lastKnownFileType = sourcecode.c.h; path = FBXSurfaceMaterial_Internal.h; sourceTree = "<group>"; };
		452BB25B25AAA83600B0ECFE /* FBXLayerElement.h */ = {isa = PBXFileReference; lastKnownFileType = sourcecode.c.h; path = FBXLayerElement.h; sourceTree = "<group>"; };
		452BB25C25AAA83600B0ECFE /* FBXLayerElement.m */ = {isa = PBXFileReference; lastKnownFileType = sourcecode.c.objc; path = FBXLayerElement.m; sourceTree = "<group>"; };
		45455DA125B48EEA00D6D8A7 /* FBXSecne_Internal.h */ = {isa = PBXFileReference; fileEncoding = 4; lastKnownFileType = sourcecode.c.h; path = FBXSecne_Internal.h; sourceTree = "<group>"; };
		45455DAF25B51B7400D6D8A7 /* FBXTexture_Internal.h */ = {isa = PBXFileReference; fileEncoding = 4; lastKnownFileType = sourcecode.c.h; path = FBXTexture_Internal.h; sourceTree = "<group>"; };
		455AFCD625BC09D60000662E /* fbx.entitlements */ = {isa = PBXFileReference; lastKnownFileType = text.plist.entitlements; path = fbx.entitlements; sourceTree = "<group>"; };
		455BE82225BD40380016F2A8 /* FBXCamera.h */ = {isa = PBXFileReference; lastKnownFileType = sourcecode.c.h; path = FBXCamera.h; sourceTree = "<group>"; };
		455BE82325BD40380016F2A8 /* FBXCamera.mm */ = {isa = PBXFileReference; lastKnownFileType = sourcecode.cpp.objcpp; path = FBXCamera.mm; sourceTree = "<group>"; };
		455BE82625BD407E0016F2A8 /* FBXCamera_Internal.h */ = {isa = PBXFileReference; fileEncoding = 4; lastKnownFileType = sourcecode.c.h; path = FBXCamera_Internal.h; sourceTree = "<group>"; };
		456EC0BF25C40E2500264AAB /* FBXPose.h */ = {isa = PBXFileReference; lastKnownFileType = sourcecode.c.h; path = FBXPose.h; sourceTree = "<group>"; };
		456EC0C025C40E2500264AAB /* FBXPose.mm */ = {isa = PBXFileReference; lastKnownFileType = sourcecode.cpp.objcpp; path = FBXPose.mm; sourceTree = "<group>"; };
		456EC0C325C40E7100264AAB /* FBXPose_Internal.h */ = {isa = PBXFileReference; fileEncoding = 4; lastKnownFileType = sourcecode.c.h; path = FBXPose_Internal.h; sourceTree = "<group>"; };
		456F48C625AA9E2900B03DF2 /* FBXLayerElementNormal.h */ = {isa = PBXFileReference; lastKnownFileType = sourcecode.c.h; path = FBXLayerElementNormal.h; sourceTree = "<group>"; };
		456F48C725AA9E2900B03DF2 /* FBXLayerElementNormal.mm */ = {isa = PBXFileReference; lastKnownFileType = sourcecode.cpp.objcpp; path = FBXLayerElementNormal.mm; sourceTree = "<group>"; };
		456F48D025AA9FDF00B03DF2 /* FBXLayerContainer.h */ = {isa = PBXFileReference; lastKnownFileType = sourcecode.c.h; path = FBXLayerContainer.h; sourceTree = "<group>"; };
		456F48D125AA9FDF00B03DF2 /* FBXLayerContainer.mm */ = {isa = PBXFileReference; lastKnownFileType = sourcecode.cpp.objcpp; path = FBXLayerContainer.mm; sourceTree = "<group>"; };
		4586F83325AAE9F1000BDC10 /* FBXMesh_Internal.h */ = {isa = PBXFileReference; fileEncoding = 4; lastKnownFileType = sourcecode.c.h; path = FBXMesh_Internal.h; sourceTree = "<group>"; };
		4586F83D25AAEA9F000BDC10 /* FBXLayerElementNormal_Internal.h */ = {isa = PBXFileReference; fileEncoding = 4; lastKnownFileType = sourcecode.c.h; path = FBXLayerElementNormal_Internal.h; sourceTree = "<group>"; };
		4590849125BBEC8A006DCF91 /* libfbxsdk.dylib */ = {isa = PBXFileReference; lastKnownFileType = "compiled.mach-o.dylib"; name = libfbxsdk.dylib; path = ../../../../../../../usr/local/lib/libfbxsdk.dylib; sourceTree = "<group>"; };
		4590849825BBEE7E006DCF91 /* FBXSkeleton.h */ = {isa = PBXFileReference; lastKnownFileType = sourcecode.c.h; path = FBXSkeleton.h; sourceTree = "<group>"; };
		4590849925BBEE7E006DCF91 /* FBXSkeleton.mm */ = {isa = PBXFileReference; lastKnownFileType = sourcecode.cpp.objcpp; path = FBXSkeleton.mm; sourceTree = "<group>"; };
		4590849F25BBEF90006DCF91 /* FBXSkeleton_Internal.h */ = {isa = PBXFileReference; lastKnownFileType = sourcecode.c.h; path = FBXSkeleton_Internal.h; sourceTree = "<group>"; };
		459E916325A5C2CD008B1CC3 /* FBX.swift */ = {isa = PBXFileReference; lastKnownFileType = sourcecode.swift; path = FBX.swift; sourceTree = "<group>"; };
		459E916D25A5C3F0008B1CC3 /* FBXLoader.swift */ = {isa = PBXFileReference; lastKnownFileType = sourcecode.swift; path = FBXLoader.swift; sourceTree = "<group>"; };
		45A6CAD825C6A50800F8EDB5 /* FBXAnimStack.h */ = {isa = PBXFileReference; lastKnownFileType = sourcecode.c.h; path = FBXAnimStack.h; sourceTree = "<group>"; };
		45A6CAD925C6A50800F8EDB5 /* FBXAnimStack.mm */ = {isa = PBXFileReference; lastKnownFileType = sourcecode.cpp.objcpp; path = FBXAnimStack.mm; sourceTree = "<group>"; };
		45A6CADC25C6A63100F8EDB5 /* FBXAnimStack_Internal.h */ = {isa = PBXFileReference; fileEncoding = 4; lastKnownFileType = sourcecode.c.h; path = FBXAnimStack_Internal.h; sourceTree = "<group>"; };
		45ABD2E925BD3798001DCF58 /* FBXSurfaceMaterial.h */ = {isa = PBXFileReference; lastKnownFileType = sourcecode.c.h; path = FBXSurfaceMaterial.h; sourceTree = "<group>"; };
		45ABD2EA25BD3798001DCF58 /* FBXSurfaceMaterial.mm */ = {isa = PBXFileReference; lastKnownFileType = sourcecode.cpp.objcpp; path = FBXSurfaceMaterial.mm; sourceTree = "<group>"; };
		45ABD2ED25BD3AAB001DCF58 /* FBXLight.h */ = {isa = PBXFileReference; lastKnownFileType = sourcecode.c.h; path = FBXLight.h; sourceTree = "<group>"; };
		45ABD2EE25BD3AAB001DCF58 /* FBXLight.mm */ = {isa = PBXFileReference; lastKnownFileType = sourcecode.cpp.objcpp; path = FBXLight.mm; sourceTree = "<group>"; };
		45ABD2F125BD3AFA001DCF58 /* FBXLight_Internal.h */ = {isa = PBXFileReference; fileEncoding = 4; lastKnownFileType = sourcecode.c.h; path = FBXLight_Internal.h; sourceTree = "<group>"; };
		45ACB76A25A464A900ED565F /* SwiftyFBX.framework */ = {isa = PBXFileReference; explicitFileType = wrapper.framework; includeInIndex = 0; path = SwiftyFBX.framework; sourceTree = BUILT_PRODUCTS_DIR; };
		45ACB76E25A464A900ED565F /* Info.plist */ = {isa = PBXFileReference; lastKnownFileType = text.plist.xml; path = Info.plist; sourceTree = "<group>"; };
		45ACB79325A467AB00ED565F /* FBXManager.mm */ = {isa = PBXFileReference; lastKnownFileType = sourcecode.cpp.objcpp; path = FBXManager.mm; sourceTree = "<group>"; };
		45ACB7A825A46B7400ED565F /* FBXManager.h */ = {isa = PBXFileReference; fileEncoding = 4; lastKnownFileType = sourcecode.c.h; path = FBXManager.h; sourceTree = "<group>"; };
		45C1BAA425C662D800D7D9FE /* FBXStruct.h */ = {isa = PBXFileReference; lastKnownFileType = sourcecode.c.h; path = FBXStruct.h; sourceTree = "<group>"; };
		45C53ED725CF8E6E001C4759 /* FBXNode_Internal.h */ = {isa = PBXFileReference; fileEncoding = 4; lastKnownFileType = sourcecode.c.h; path = FBXNode_Internal.h; sourceTree = "<group>"; };
		45CFC37925C6823B00DAD79C /* FBXColor.h */ = {isa = PBXFileReference; lastKnownFileType = sourcecode.c.h; path = FBXColor.h; sourceTree = "<group>"; };
		45CFC37A25C6823B00DAD79C /* FBXColor.mm */ = {isa = PBXFileReference; lastKnownFileType = sourcecode.cpp.objcpp; path = FBXColor.mm; sourceTree = "<group>"; };
		45D28F4F25A4E083007A7489 /* fbx */ = {isa = PBXFileReference; explicitFileType = "compiled.mach-o.executable"; includeInIndex = 0; path = fbx; sourceTree = BUILT_PRODUCTS_DIR; };
		45D28F5125A4E083007A7489 /* main.swift */ = {isa = PBXFileReference; lastKnownFileType = sourcecode.swift; path = main.swift; sourceTree = "<group>"; };
		45D64DA525CD9AD20003E43C /* FBXStruct.mm */ = {isa = PBXFileReference; lastKnownFileType = sourcecode.cpp.objcpp; path = FBXStruct.mm; sourceTree = "<group>"; };
		45DA64C125A583FA00C77BD8 /* FBXIOSettings.mm */ = {isa = PBXFileReference; lastKnownFileType = sourcecode.cpp.objcpp; path = FBXIOSettings.mm; sourceTree = "<group>"; };
		45DA64C525A5840F00C77BD8 /* FBXIOSettings.h */ = {isa = PBXFileReference; lastKnownFileType = sourcecode.c.h; path = FBXIOSettings.h; sourceTree = "<group>"; };
		45DA64C625A5846D00C77BD8 /* FBXImporter.h */ = {isa = PBXFileReference; lastKnownFileType = sourcecode.c.h; path = FBXImporter.h; sourceTree = "<group>"; };
		45DA64C725A5846D00C77BD8 /* FBXImporter.mm */ = {isa = PBXFileReference; lastKnownFileType = sourcecode.cpp.objcpp; path = FBXImporter.mm; sourceTree = "<group>"; };
		45DA64CD25A584E000C77BD8 /* FBXScene.h */ = {isa = PBXFileReference; lastKnownFileType = sourcecode.c.h; path = FBXScene.h; sourceTree = "<group>"; };
		45DA64CE25A584E000C77BD8 /* FBXScene.mm */ = {isa = PBXFileReference; lastKnownFileType = sourcecode.cpp.objcpp; path = FBXScene.mm; sourceTree = "<group>"; };
		45DA64D325A5862F00C77BD8 /* FBXMesh.h */ = {isa = PBXFileReference; lastKnownFileType = sourcecode.c.h; path = FBXMesh.h; sourceTree = "<group>"; };
		45DA64D425A5862F00C77BD8 /* FBXMesh.mm */ = {isa = PBXFileReference; lastKnownFileType = sourcecode.cpp.objcpp; path = FBXMesh.mm; sourceTree = "<group>"; };
		45DA64D925A5867500C77BD8 /* FBXNode.h */ = {isa = PBXFileReference; lastKnownFileType = sourcecode.c.h; path = FBXNode.h; sourceTree = "<group>"; };
		45DA64DA25A5867500C77BD8 /* FBXNode.mm */ = {isa = PBXFileReference; lastKnownFileType = sourcecode.cpp.objcpp; path = FBXNode.mm; sourceTree = "<group>"; };
		45DA64DF25A58B1200C77BD8 /* FBXDocument.h */ = {isa = PBXFileReference; lastKnownFileType = sourcecode.c.h; path = FBXDocument.h; sourceTree = "<group>"; };
		45DA64E025A58B1200C77BD8 /* FBXDocument.mm */ = {isa = PBXFileReference; lastKnownFileType = sourcecode.cpp.objcpp; path = FBXDocument.mm; sourceTree = "<group>"; };
		45DA64E525A58EF300C77BD8 /* FBXCollection.h */ = {isa = PBXFileReference; lastKnownFileType = sourcecode.c.h; path = FBXCollection.h; sourceTree = "<group>"; };
		45DA64E625A58EF300C77BD8 /* FBXCollection.mm */ = {isa = PBXFileReference; lastKnownFileType = sourcecode.cpp.objcpp; path = FBXCollection.mm; sourceTree = "<group>"; };
		45DA64EC25A59B4400C77BD8 /* SwiftyFBXLoader.h */ = {isa = PBXFileReference; lastKnownFileType = sourcecode.c.h; path = SwiftyFBXLoader.h; sourceTree = "<group>"; };
		45DA64ED25A59B4400C77BD8 /* SwiftyFBXLoader.mm */ = {isa = PBXFileReference; lastKnownFileType = sourcecode.cpp.objcpp; path = SwiftyFBXLoader.mm; sourceTree = "<group>"; };
/* End PBXFileReference section */

/* Begin PBXFrameworksBuildPhase section */
		45ACB76725A464A900ED565F /* Frameworks */ = {
			isa = PBXFrameworksBuildPhase;
			buildActionMask = 2147483647;
			files = (
				455AFCD425BC07670000662E /* libfbxsdk.dylib in Frameworks */,
			);
			runOnlyForDeploymentPostprocessing = 0;
		};
		45D28F4C25A4E083007A7489 /* Frameworks */ = {
			isa = PBXFrameworksBuildPhase;
			buildActionMask = 2147483647;
			files = (
				45D561F225BC11EE0093903B /* ArgumentParser in Frameworks */,
			);
			runOnlyForDeploymentPostprocessing = 0;
		};
/* End PBXFrameworksBuildPhase section */

/* Begin PBXGroup section */
		450E322225A5806B00881CF5 /* Swift */ = {
			isa = PBXGroup;
			children = (
				459E916325A5C2CD008B1CC3 /* FBX.swift */,
				459E916D25A5C3F0008B1CC3 /* FBXLoader.swift */,
				450E322325A5807D00881CF5 /* FBXManager.swift */,
			);
			path = Swift;
			sourceTree = "<group>";
		};
		45ACB76025A464A900ED565F = {
			isa = PBXGroup;
			children = (
				45ACB76C25A464A900ED565F /* SwiftyFBX */,
				45D28F5025A4E083007A7489 /* fbx */,
				45ACB76B25A464A900ED565F /* Products */,
				45D28F5C25A4E0D4007A7489 /* Frameworks */,
			);
			sourceTree = "<group>";
		};
		45ACB76B25A464A900ED565F /* Products */ = {
			isa = PBXGroup;
			children = (
				45ACB76A25A464A900ED565F /* SwiftyFBX.framework */,
				45D28F4F25A4E083007A7489 /* fbx */,
			);
			name = Products;
			sourceTree = "<group>";
		};
		45ACB76C25A464A900ED565F /* SwiftyFBX */ = {
			isa = PBXGroup;
			children = (
				45ACB76E25A464A900ED565F /* Info.plist */,
				450E322625A580CB00881CF5 /* module.modulemap */,
				450E322925A5818800881CF5 /* SwiftyFBX.h */,
				450E322225A5806B00881CF5 /* Swift */,
				45ACB79225A4678A00ED565F /* ObjC++ */,
			);
			path = SwiftyFBX;
			sourceTree = "<group>";
		};
		45ACB79225A4678A00ED565F /* ObjC++ */ = {
			isa = PBXGroup;
			children = (
				45A6CADC25C6A63100F8EDB5 /* FBXAnimStack_Internal.h */,
				45A6CAD825C6A50800F8EDB5 /* FBXAnimStack.h */,
				45A6CAD925C6A50800F8EDB5 /* FBXAnimStack.mm */,
				455BE82625BD407E0016F2A8 /* FBXCamera_Internal.h */,
				455BE82225BD40380016F2A8 /* FBXCamera.h */,
				455BE82325BD40380016F2A8 /* FBXCamera.mm */,
				45DA64E525A58EF300C77BD8 /* FBXCollection.h */,
				45DA64E625A58EF300C77BD8 /* FBXCollection.mm */,
				45CFC37925C6823B00DAD79C /* FBXColor.h */,
				45CFC37A25C6823B00DAD79C /* FBXColor.mm */,
				45DA64DF25A58B1200C77BD8 /* FBXDocument.h */,
				45DA64E025A58B1200C77BD8 /* FBXDocument.mm */,
				45273E6625C418550060B3C1 /* FBXGeometry.h */,
				45273E6725C418550060B3C1 /* FBXGeometry.mm */,
				45DA64C625A5846D00C77BD8 /* FBXImporter.h */,
				45DA64C725A5846D00C77BD8 /* FBXImporter.mm */,
				45DA64C525A5840F00C77BD8 /* FBXIOSettings.h */,
				45DA64C125A583FA00C77BD8 /* FBXIOSettings.mm */,
				456F48D025AA9FDF00B03DF2 /* FBXLayerContainer.h */,
				456F48D125AA9FDF00B03DF2 /* FBXLayerContainer.mm */,
				452BB25B25AAA83600B0ECFE /* FBXLayerElement.h */,
				452BB25C25AAA83600B0ECFE /* FBXLayerElement.m */,
				4586F83D25AAEA9F000BDC10 /* FBXLayerElementNormal_Internal.h */,
				456F48C625AA9E2900B03DF2 /* FBXLayerElementNormal.h */,
				456F48C725AA9E2900B03DF2 /* FBXLayerElementNormal.mm */,
				45ABD2F125BD3AFA001DCF58 /* FBXLight_Internal.h */,
				45ABD2ED25BD3AAB001DCF58 /* FBXLight.h */,
				45ABD2EE25BD3AAB001DCF58 /* FBXLight.mm */,
				45ACB7A825A46B7400ED565F /* FBXManager.h */,
				45ACB79325A467AB00ED565F /* FBXManager.mm */,
				4586F83325AAE9F1000BDC10 /* FBXMesh_Internal.h */,
				45DA64D325A5862F00C77BD8 /* FBXMesh.h */,
				45DA64D425A5862F00C77BD8 /* FBXMesh.mm */,
				45C53ED725CF8E6E001C4759 /* FBXNode_Internal.h */,
				45DA64D925A5867500C77BD8 /* FBXNode.h */,
				45DA64DA25A5867500C77BD8 /* FBXNode.mm */,
				456EC0C325C40E7100264AAB /* FBXPose_Internal.h */,
				456EC0BF25C40E2500264AAB /* FBXPose.h */,
				456EC0C025C40E2500264AAB /* FBXPose.mm */,
				45DA64CD25A584E000C77BD8 /* FBXScene.h */,
				45DA64CE25A584E000C77BD8 /* FBXScene.mm */,
				45455DA125B48EEA00D6D8A7 /* FBXSecne_Internal.h */,
				4590849F25BBEF90006DCF91 /* FBXSkeleton_Internal.h */,
				4590849825BBEE7E006DCF91 /* FBXSkeleton.h */,
				4590849925BBEE7E006DCF91 /* FBXSkeleton.mm */,
				45C1BAA425C662D800D7D9FE /* FBXStruct.h */,
				45D64DA525CD9AD20003E43C /* FBXStruct.mm */,
				45273E6A25C41AE00060B3C1 /* FBXSurfaceMaterial_Internal.h */,
				45ABD2E925BD3798001DCF58 /* FBXSurfaceMaterial.h */,
				45ABD2EA25BD3798001DCF58 /* FBXSurfaceMaterial.mm */,
				45455DAF25B51B7400D6D8A7 /* FBXTexture_Internal.h */,
				4520A65E25B4780A009CB46A /* FBXTexture.h */,
				4520A65F25B4780A009CB46A /* FBXTexture.mm */,
				4513358625A85F6100773EC8 /* SwiftyFBXFormat.h */,
				4513358725A85F6100773EC8 /* SwiftyFBXFormat.mm */,
				45DA64EC25A59B4400C77BD8 /* SwiftyFBXLoader.h */,
				45DA64ED25A59B4400C77BD8 /* SwiftyFBXLoader.mm */,
				4513359025A861A700773EC8 /* SwiftyFBXLoadResult.h */,
				4513359125A861A700773EC8 /* SwiftyFBXLoadResult.mm */,
				45062CB925D56F17002E9B9E /* FBXPoint.h */,
				45062CBA25D56F17002E9B9E /* FBXPoint.mm */,
			);
			path = "ObjC++";
			sourceTree = "<group>";
		};
		45D28F5025A4E083007A7489 /* fbx */ = {
			isa = PBXGroup;
			children = (
				455AFCD625BC09D60000662E /* fbx.entitlements */,
				45D28F5125A4E083007A7489 /* main.swift */,
			);
			path = fbx;
			sourceTree = "<group>";
		};
		45D28F5C25A4E0D4007A7489 /* Frameworks */ = {
			isa = PBXGroup;
			children = (
				4590849125BBEC8A006DCF91 /* libfbxsdk.dylib */,
			);
			name = Frameworks;
			sourceTree = "<group>";
		};
/* End PBXGroup section */

/* Begin PBXHeadersBuildPhase section */
		45ACB76525A464A900ED565F /* Headers */ = {
			isa = PBXHeadersBuildPhase;
			buildActionMask = 2147483647;
			files = (
				45ABD2EF25BD3AAB001DCF58 /* FBXLight.h in Headers */,
				45DA64CF25A584E000C77BD8 /* FBXScene.h in Headers */,
				4520A66025B4780A009CB46A /* FBXTexture.h in Headers */,
				45C1BAA525C662D800D7D9FE /* FBXStruct.h in Headers */,
				456EC0C425C40E7100264AAB /* FBXPose_Internal.h in Headers */,
				45ABD2F225BD3AFA001DCF58 /* FBXLight_Internal.h in Headers */,
				45062CBB25D56F17002E9B9E /* FBXPoint.h in Headers */,
				4586F83425AAE9F1000BDC10 /* FBXMesh_Internal.h in Headers */,
				45C53ED825CF8E6E001C4759 /* FBXNode_Internal.h in Headers */,
				459084A025BBEF90006DCF91 /* FBXSkeleton_Internal.h in Headers */,
				456F48D225AA9FDF00B03DF2 /* FBXLayerContainer.h in Headers */,
				455BE82425BD40380016F2A8 /* FBXCamera.h in Headers */,
				456EC0C125C40E2500264AAB /* FBXPose.h in Headers */,
				452BB25D25AAA83600B0ECFE /* FBXLayerElement.h in Headers */,
				45273E6825C418550060B3C1 /* FBXGeometry.h in Headers */,
				45DA64DB25A5867500C77BD8 /* FBXNode.h in Headers */,
				45273E6B25C41AE00060B3C1 /* FBXSurfaceMaterial_Internal.h in Headers */,
				450E322A25A5818800881CF5 /* SwiftyFBX.h in Headers */,
				4513358825A85F6100773EC8 /* SwiftyFBXFormat.h in Headers */,
				45DA64E725A58EF300C77BD8 /* FBXCollection.h in Headers */,
				45DA64E125A58B1200C77BD8 /* FBXDocument.h in Headers */,
				45DA64C825A5846D00C77BD8 /* FBXImporter.h in Headers */,
				4590849A25BBEE7E006DCF91 /* FBXSkeleton.h in Headers */,
				45A6CADA25C6A50800F8EDB5 /* FBXAnimStack.h in Headers */,
				456F48C825AA9E2900B03DF2 /* FBXLayerElementNormal.h in Headers */,
				4513359225A861A700773EC8 /* SwiftyFBXLoadResult.h in Headers */,
				45DA64D525A5862F00C77BD8 /* FBXMesh.h in Headers */,
				45455DB025B51B7400D6D8A7 /* FBXTexture_Internal.h in Headers */,
				4586F83E25AAEA9F000BDC10 /* FBXLayerElementNormal_Internal.h in Headers */,
				45A6CADD25C6A63100F8EDB5 /* FBXAnimStack_Internal.h in Headers */,
				45ABD2EB25BD3798001DCF58 /* FBXSurfaceMaterial.h in Headers */,
				455BE82725BD407E0016F2A8 /* FBXCamera_Internal.h in Headers */,
				45455DA225B48EEA00D6D8A7 /* FBXSecne_Internal.h in Headers */,
				45ACB7A925A46B7400ED565F /* FBXManager.h in Headers */,
				45DA64EE25A59B4400C77BD8 /* SwiftyFBXLoader.h in Headers */,
				45CFC37B25C6823B00DAD79C /* FBXColor.h in Headers */,
			);
			runOnlyForDeploymentPostprocessing = 0;
		};
/* End PBXHeadersBuildPhase section */

/* Begin PBXNativeTarget section */
		45ACB76925A464A900ED565F /* SwiftyFBX */ = {
			isa = PBXNativeTarget;
			buildConfigurationList = 45ACB77225A464A900ED565F /* Build configuration list for PBXNativeTarget "SwiftyFBX" */;
			buildPhases = (
				45ACB76525A464A900ED565F /* Headers */,
				45ACB76625A464A900ED565F /* Sources */,
				45ACB76725A464A900ED565F /* Frameworks */,
				45ACB76825A464A900ED565F /* Resources */,
				45D561EF25BC110F0093903B /* Embed Frameworks */,
			);
			buildRules = (
			);
			dependencies = (
			);
			name = SwiftyFBX;
			packageProductDependencies = (
			);
			productName = SwiftyFBX;
			productReference = 45ACB76A25A464A900ED565F /* SwiftyFBX.framework */;
			productType = "com.apple.product-type.framework";
		};
		45D28F4E25A4E083007A7489 /* fbx */ = {
			isa = PBXNativeTarget;
			buildConfigurationList = 45D28F5325A4E083007A7489 /* Build configuration list for PBXNativeTarget "fbx" */;
			buildPhases = (
				45D28F4B25A4E083007A7489 /* Sources */,
				45D28F4C25A4E083007A7489 /* Frameworks */,
				4590849625BBECD2006DCF91 /* Embed Libraries */,
				45D28F4D25A4E083007A7489 /* CopyFiles */,
			);
			buildRules = (
			);
			dependencies = (
			);
			name = fbx;
			packageProductDependencies = (
				45D561F125BC11EE0093903B /* ArgumentParser */,
			);
			productName = "SwiftyFBX-CLI";
			productReference = 45D28F4F25A4E083007A7489 /* fbx */;
			productType = "com.apple.product-type.tool";
		};
/* End PBXNativeTarget section */

/* Begin PBXProject section */
		45ACB76125A464A900ED565F /* Project object */ = {
			isa = PBXProject;
			attributes = {
				LastSwiftUpdateCheck = 1230;
				LastUpgradeCheck = 1240;
				TargetAttributes = {
					45ACB76925A464A900ED565F = {
						CreatedOnToolsVersion = 12.3;
						LastSwiftMigration = 1230;
					};
					45D28F4E25A4E083007A7489 = {
						CreatedOnToolsVersion = 12.3;
					};
				};
			};
			buildConfigurationList = 45ACB76425A464A900ED565F /* Build configuration list for PBXProject "SwiftyFBX" */;
			compatibilityVersion = "Xcode 9.3";
			developmentRegion = en;
			hasScannedForEncodings = 0;
			knownRegions = (
				en,
				Base,
			);
			mainGroup = 45ACB76025A464A900ED565F;
			packageReferences = (
				45D561F025BC11EE0093903B /* XCRemoteSwiftPackageReference "swift-argument-parser" */,
			);
			productRefGroup = 45ACB76B25A464A900ED565F /* Products */;
			projectDirPath = "";
			projectRoot = "";
			targets = (
				45ACB76925A464A900ED565F /* SwiftyFBX */,
				45D28F4E25A4E083007A7489 /* fbx */,
			);
		};
/* End PBXProject section */

/* Begin PBXResourcesBuildPhase section */
		45ACB76825A464A900ED565F /* Resources */ = {
			isa = PBXResourcesBuildPhase;
			buildActionMask = 2147483647;
			files = (
			);
			runOnlyForDeploymentPostprocessing = 0;
		};
/* End PBXResourcesBuildPhase section */

/* Begin PBXSourcesBuildPhase section */
		45ACB76625A464A900ED565F /* Sources */ = {
			isa = PBXSourcesBuildPhase;
			buildActionMask = 2147483647;
			files = (
				456F48D325AA9FDF00B03DF2 /* FBXLayerContainer.mm in Sources */,
				45ABD2F025BD3AAB001DCF58 /* FBXLight.mm in Sources */,
				4513358925A85F6100773EC8 /* SwiftyFBXFormat.mm in Sources */,
				4520A66125B4780A009CB46A /* FBXTexture.mm in Sources */,
				45273E6925C418550060B3C1 /* FBXGeometry.mm in Sources */,
				452BB25E25AAA83600B0ECFE /* FBXLayerElement.m in Sources */,
				456F48C925AA9E2900B03DF2 /* FBXLayerElementNormal.mm in Sources */,
				45DA64C925A5846D00C77BD8 /* FBXImporter.mm in Sources */,
				45A6CADB25C6A50800F8EDB5 /* FBXAnimStack.mm in Sources */,
				45DA64EF25A59B4400C77BD8 /* SwiftyFBXLoader.mm in Sources */,
				45DA64DC25A5867500C77BD8 /* FBXNode.mm in Sources */,
				4590849B25BBEE7E006DCF91 /* FBXSkeleton.mm in Sources */,
				45ACB79425A467AB00ED565F /* FBXManager.mm in Sources */,
				45DA64D025A584E000C77BD8 /* FBXScene.mm in Sources */,
				45DA64E225A58B1200C77BD8 /* FBXDocument.mm in Sources */,
				455BE82525BD40380016F2A8 /* FBXCamera.mm in Sources */,
				45062CBC25D56F17002E9B9E /* FBXPoint.mm in Sources */,
				45CFC37C25C6823B00DAD79C /* FBXColor.mm in Sources */,
				45DA64E825A58EF300C77BD8 /* FBXCollection.mm in Sources */,
				459E916425A5C2CD008B1CC3 /* FBX.swift in Sources */,
				45DA64D625A5862F00C77BD8 /* FBXMesh.mm in Sources */,
				45ABD2EC25BD3798001DCF58 /* FBXSurfaceMaterial.mm in Sources */,
				459E916E25A5C3F0008B1CC3 /* FBXLoader.swift in Sources */,
				450E322425A5807D00881CF5 /* FBXManager.swift in Sources */,
				456EC0C225C40E2500264AAB /* FBXPose.mm in Sources */,
				45D64DA625CD9AD20003E43C /* FBXStruct.mm in Sources */,
				4513359325A861A700773EC8 /* SwiftyFBXLoadResult.mm in Sources */,
				45DA64C225A583FA00C77BD8 /* FBXIOSettings.mm in Sources */,
			);
			runOnlyForDeploymentPostprocessing = 0;
		};
		45D28F4B25A4E083007A7489 /* Sources */ = {
			isa = PBXSourcesBuildPhase;
			buildActionMask = 2147483647;
			files = (
				45D28F5225A4E083007A7489 /* main.swift in Sources */,
			);
			runOnlyForDeploymentPostprocessing = 0;
		};
/* End PBXSourcesBuildPhase section */

/* Begin XCBuildConfiguration section */
		45ACB77025A464A900ED565F /* Debug */ = {
			isa = XCBuildConfiguration;
			buildSettings = {
				ALWAYS_SEARCH_USER_PATHS = NO;
				CLANG_ANALYZER_NONNULL = YES;
				CLANG_ANALYZER_NUMBER_OBJECT_CONVERSION = YES_AGGRESSIVE;
				CLANG_CXX_LANGUAGE_STANDARD = "gnu++14";
				CLANG_CXX_LIBRARY = "libc++";
				CLANG_ENABLE_MODULES = YES;
				CLANG_ENABLE_OBJC_ARC = YES;
				CLANG_ENABLE_OBJC_WEAK = YES;
				CLANG_WARN_BLOCK_CAPTURE_AUTORELEASING = YES;
				CLANG_WARN_BOOL_CONVERSION = YES;
				CLANG_WARN_COMMA = YES;
				CLANG_WARN_CONSTANT_CONVERSION = YES;
				CLANG_WARN_DEPRECATED_OBJC_IMPLEMENTATIONS = YES;
				CLANG_WARN_DIRECT_OBJC_ISA_USAGE = YES_ERROR;
				CLANG_WARN_DOCUMENTATION_COMMENTS = YES;
				CLANG_WARN_EMPTY_BODY = YES;
				CLANG_WARN_ENUM_CONVERSION = YES;
				CLANG_WARN_INFINITE_RECURSION = YES;
				CLANG_WARN_INT_CONVERSION = YES;
				CLANG_WARN_NON_LITERAL_NULL_CONVERSION = YES;
				CLANG_WARN_OBJC_IMPLICIT_RETAIN_SELF = YES;
				CLANG_WARN_OBJC_LITERAL_CONVERSION = YES;
				CLANG_WARN_OBJC_ROOT_CLASS = YES_ERROR;
				CLANG_WARN_QUOTED_INCLUDE_IN_FRAMEWORK_HEADER = YES;
				CLANG_WARN_RANGE_LOOP_ANALYSIS = YES;
				CLANG_WARN_STRICT_PROTOTYPES = YES;
				CLANG_WARN_SUSPICIOUS_MOVE = YES;
				CLANG_WARN_UNGUARDED_AVAILABILITY = YES_AGGRESSIVE;
				CLANG_WARN_UNREACHABLE_CODE = YES;
				CLANG_WARN__DUPLICATE_METHOD_MATCH = YES;
				COPY_PHASE_STRIP = NO;
				CURRENT_PROJECT_VERSION = 1;
				DEBUG_INFORMATION_FORMAT = dwarf;
				ENABLE_STRICT_OBJC_MSGSEND = YES;
				ENABLE_TESTABILITY = YES;
				GCC_C_LANGUAGE_STANDARD = gnu11;
				GCC_DYNAMIC_NO_PIC = NO;
				GCC_NO_COMMON_BLOCKS = YES;
				GCC_OPTIMIZATION_LEVEL = 0;
				GCC_PREPROCESSOR_DEFINITIONS = (
					"DEBUG=1",
					"$(inherited)",
				);
				GCC_WARN_64_TO_32_BIT_CONVERSION = YES;
				GCC_WARN_ABOUT_RETURN_TYPE = YES_ERROR;
				GCC_WARN_UNDECLARED_SELECTOR = YES;
				GCC_WARN_UNINITIALIZED_AUTOS = YES_AGGRESSIVE;
				GCC_WARN_UNUSED_FUNCTION = YES;
				GCC_WARN_UNUSED_VARIABLE = YES;
				MACOSX_DEPLOYMENT_TARGET = 10.15;
				MTL_ENABLE_DEBUG_INFO = INCLUDE_SOURCE;
				MTL_FAST_MATH = YES;
				ONLY_ACTIVE_ARCH = YES;
				SDKROOT = macosx;
				SWIFT_ACTIVE_COMPILATION_CONDITIONS = DEBUG;
				SWIFT_OPTIMIZATION_LEVEL = "-Onone";
				VERSIONING_SYSTEM = "apple-generic";
				VERSION_INFO_PREFIX = "";
			};
			name = Debug;
		};
		45ACB77125A464A900ED565F /* Release */ = {
			isa = XCBuildConfiguration;
			buildSettings = {
				ALWAYS_SEARCH_USER_PATHS = NO;
				CLANG_ANALYZER_NONNULL = YES;
				CLANG_ANALYZER_NUMBER_OBJECT_CONVERSION = YES_AGGRESSIVE;
				CLANG_CXX_LANGUAGE_STANDARD = "gnu++14";
				CLANG_CXX_LIBRARY = "libc++";
				CLANG_ENABLE_MODULES = YES;
				CLANG_ENABLE_OBJC_ARC = YES;
				CLANG_ENABLE_OBJC_WEAK = YES;
				CLANG_WARN_BLOCK_CAPTURE_AUTORELEASING = YES;
				CLANG_WARN_BOOL_CONVERSION = YES;
				CLANG_WARN_COMMA = YES;
				CLANG_WARN_CONSTANT_CONVERSION = YES;
				CLANG_WARN_DEPRECATED_OBJC_IMPLEMENTATIONS = YES;
				CLANG_WARN_DIRECT_OBJC_ISA_USAGE = YES_ERROR;
				CLANG_WARN_DOCUMENTATION_COMMENTS = YES;
				CLANG_WARN_EMPTY_BODY = YES;
				CLANG_WARN_ENUM_CONVERSION = YES;
				CLANG_WARN_INFINITE_RECURSION = YES;
				CLANG_WARN_INT_CONVERSION = YES;
				CLANG_WARN_NON_LITERAL_NULL_CONVERSION = YES;
				CLANG_WARN_OBJC_IMPLICIT_RETAIN_SELF = YES;
				CLANG_WARN_OBJC_LITERAL_CONVERSION = YES;
				CLANG_WARN_OBJC_ROOT_CLASS = YES_ERROR;
				CLANG_WARN_QUOTED_INCLUDE_IN_FRAMEWORK_HEADER = YES;
				CLANG_WARN_RANGE_LOOP_ANALYSIS = YES;
				CLANG_WARN_STRICT_PROTOTYPES = YES;
				CLANG_WARN_SUSPICIOUS_MOVE = YES;
				CLANG_WARN_UNGUARDED_AVAILABILITY = YES_AGGRESSIVE;
				CLANG_WARN_UNREACHABLE_CODE = YES;
				CLANG_WARN__DUPLICATE_METHOD_MATCH = YES;
				COPY_PHASE_STRIP = NO;
				CURRENT_PROJECT_VERSION = 1;
				DEBUG_INFORMATION_FORMAT = "dwarf-with-dsym";
				ENABLE_NS_ASSERTIONS = NO;
				ENABLE_STRICT_OBJC_MSGSEND = YES;
				GCC_C_LANGUAGE_STANDARD = gnu11;
				GCC_NO_COMMON_BLOCKS = YES;
				GCC_WARN_64_TO_32_BIT_CONVERSION = YES;
				GCC_WARN_ABOUT_RETURN_TYPE = YES_ERROR;
				GCC_WARN_UNDECLARED_SELECTOR = YES;
				GCC_WARN_UNINITIALIZED_AUTOS = YES_AGGRESSIVE;
				GCC_WARN_UNUSED_FUNCTION = YES;
				GCC_WARN_UNUSED_VARIABLE = YES;
				MACOSX_DEPLOYMENT_TARGET = 10.15;
				MTL_ENABLE_DEBUG_INFO = NO;
				MTL_FAST_MATH = YES;
				SDKROOT = macosx;
				SWIFT_COMPILATION_MODE = wholemodule;
				SWIFT_OPTIMIZATION_LEVEL = "-O";
				VERSIONING_SYSTEM = "apple-generic";
				VERSION_INFO_PREFIX = "";
			};
			name = Release;
		};
		45ACB77325A464A900ED565F /* Debug */ = {
			isa = XCBuildConfiguration;
			buildSettings = {
				CLANG_CXX_LANGUAGE_STANDARD = "gnu++14";
				CLANG_CXX_LIBRARY = "libc++";
				CLANG_ENABLE_MODULES = YES;
				CLANG_WARN_DOCUMENTATION_COMMENTS = NO;
				CODE_SIGN_STYLE = Automatic;
				COMBINE_HIDPI_IMAGES = YES;
				DEFINES_MODULE = YES;
				DEVELOPMENT_TEAM = KCACRD7592;
				DYLIB_COMPATIBILITY_VERSION = 1;
				DYLIB_CURRENT_VERSION = 1;
				DYLIB_INSTALL_NAME_BASE = "@rpath";
				FRAMEWORK_SEARCH_PATHS = "";
				HEADER_SEARCH_PATHS = (
					/usr/local/include,
					"$(SRCROOT)/$(TARGET_NAME)",
				);
				INFOPLIST_EXPAND_BUILD_SETTINGS = YES;
				INFOPLIST_FILE = "$(TARGETNAME)/Info.plist";
				INSTALL_PATH = "$(LOCAL_LIBRARY_DIR)/Frameworks";
				LD_RUNPATH_SEARCH_PATHS = (
					"$(inherited)",
					"@executable_path/../Frameworks",
					"@loader_path/Frameworks",
				);
				LIBRARY_SEARCH_PATHS = /usr/local/lib;
				MODULEMAP_FILE = "$(SRCROOT)/$(TARGETNAME)/module.modulemap";
				PRODUCT_BUNDLE_IDENTIFIER = com.hiroakit.SwiftyFBX;
				PRODUCT_NAME = "$(TARGET_NAME:c99extidentifier)";
				SKIP_INSTALL = YES;
				SWIFT_OPTIMIZATION_LEVEL = "-Onone";
				SWIFT_VERSION = 5.0;
				SYSTEM_HEADER_SEARCH_PATHS = "";
			};
			name = Debug;
		};
		45ACB77425A464A900ED565F /* Release */ = {
			isa = XCBuildConfiguration;
			buildSettings = {
				CLANG_CXX_LANGUAGE_STANDARD = "gnu++14";
				CLANG_CXX_LIBRARY = "libc++";
				CLANG_ENABLE_MODULES = YES;
				CLANG_WARN_DOCUMENTATION_COMMENTS = NO;
				CODE_SIGN_STYLE = Automatic;
				COMBINE_HIDPI_IMAGES = YES;
				DEFINES_MODULE = YES;
				DEVELOPMENT_TEAM = KCACRD7592;
				DYLIB_COMPATIBILITY_VERSION = 1;
				DYLIB_CURRENT_VERSION = 1;
				DYLIB_INSTALL_NAME_BASE = "@rpath";
				FRAMEWORK_SEARCH_PATHS = "";
				HEADER_SEARCH_PATHS = (
					/usr/local/include,
					"$(SRCROOT)/$(TARGET_NAME)",
				);
				INFOPLIST_EXPAND_BUILD_SETTINGS = YES;
				INFOPLIST_FILE = "$(TARGETNAME)/Info.plist";
				INSTALL_PATH = "$(LOCAL_LIBRARY_DIR)/Frameworks";
				LD_RUNPATH_SEARCH_PATHS = (
					"$(inherited)",
					"@executable_path/../Frameworks",
					"@loader_path/Frameworks",
				);
				LIBRARY_SEARCH_PATHS = /usr/local/lib;
				MODULEMAP_FILE = "$(SRCROOT)/$(TARGETNAME)/module.modulemap";
				PRODUCT_BUNDLE_IDENTIFIER = com.hiroakit.SwiftyFBX;
				PRODUCT_NAME = "$(TARGET_NAME:c99extidentifier)";
				SKIP_INSTALL = YES;
				SWIFT_VERSION = 5.0;
				SYSTEM_HEADER_SEARCH_PATHS = "";
			};
			name = Release;
		};
		45D28F5425A4E083007A7489 /* Debug */ = {
			isa = XCBuildConfiguration;
			buildSettings = {
				CLANG_WARN_DOCUMENTATION_COMMENTS = NO;
				CODE_SIGN_ENTITLEMENTS = fbx/fbx.entitlements;
				CODE_SIGN_IDENTITY = "-";
				CODE_SIGN_STYLE = Automatic;
				DEVELOPMENT_TEAM = KCACRD7592;
				ENABLE_HARDENED_RUNTIME = YES;
				HEADER_SEARCH_PATHS = "$(SRCROOT)/SwiftyFBX/**";
				LD_RUNPATH_SEARCH_PATHS = "@executable_path";
				LIBRARY_SEARCH_PATHS = "";
				PRODUCT_NAME = "$(TARGET_NAME)";
				SWIFT_VERSION = 5.0;
			};
			name = Debug;
		};
		45D28F5525A4E083007A7489 /* Release */ = {
			isa = XCBuildConfiguration;
			buildSettings = {
				CLANG_WARN_DOCUMENTATION_COMMENTS = NO;
				CODE_SIGN_ENTITLEMENTS = fbx/fbx.entitlements;
				CODE_SIGN_IDENTITY = "-";
				CODE_SIGN_STYLE = Automatic;
				DEVELOPMENT_TEAM = KCACRD7592;
				ENABLE_HARDENED_RUNTIME = YES;
				HEADER_SEARCH_PATHS = "$(SRCROOT)/SwiftyFBX/**";
				LD_RUNPATH_SEARCH_PATHS = "@executable_path";
				LIBRARY_SEARCH_PATHS = "";
				PRODUCT_NAME = "$(TARGET_NAME)";
				SWIFT_VERSION = 5.0;
			};
			name = Release;
		};
/* End XCBuildConfiguration section */

/* Begin XCConfigurationList section */
		45ACB76425A464A900ED565F /* Build configuration list for PBXProject "SwiftyFBX" */ = {
			isa = XCConfigurationList;
			buildConfigurations = (
				45ACB77025A464A900ED565F /* Debug */,
				45ACB77125A464A900ED565F /* Release */,
			);
			defaultConfigurationIsVisible = 0;
			defaultConfigurationName = Release;
		};
		45ACB77225A464A900ED565F /* Build configuration list for PBXNativeTarget "SwiftyFBX" */ = {
			isa = XCConfigurationList;
			buildConfigurations = (
				45ACB77325A464A900ED565F /* Debug */,
				45ACB77425A464A900ED565F /* Release */,
			);
			defaultConfigurationIsVisible = 0;
			defaultConfigurationName = Release;
		};
		45D28F5325A4E083007A7489 /* Build configuration list for PBXNativeTarget "fbx" */ = {
			isa = XCConfigurationList;
			buildConfigurations = (
				45D28F5425A4E083007A7489 /* Debug */,
				45D28F5525A4E083007A7489 /* Release */,
			);
			defaultConfigurationIsVisible = 0;
			defaultConfigurationName = Release;
		};
/* End XCConfigurationList section */

/* Begin XCRemoteSwiftPackageReference section */
		45D561F025BC11EE0093903B /* XCRemoteSwiftPackageReference "swift-argument-parser" */ = {
			isa = XCRemoteSwiftPackageReference;
			repositoryURL = "https://github.com/apple/swift-argument-parser";
			requirement = {
				kind = upToNextMajorVersion;
				minimumVersion = 0.3.2;
			};
		};
/* End XCRemoteSwiftPackageReference section */

/* Begin XCSwiftPackageProductDependency section */
		45D561F125BC11EE0093903B /* ArgumentParser */ = {
			isa = XCSwiftPackageProductDependency;
			package = 45D561F025BC11EE0093903B /* XCRemoteSwiftPackageReference "swift-argument-parser" */;
			productName = ArgumentParser;
		};
/* End XCSwiftPackageProductDependency section */
	};
	rootObject = 45ACB76125A464A900ED565F /* Project object */;
}
